
Microsoft Visual Studio Solution File, Format Version 12.00
# Visual Studio Version 17
VisualStudioVersion = 17.11.35327.3
MinimumVisualStudioVersion = 10.0.40219.1
Project("{8BC9CEB8-8B4A-11D0-8D11-00A0C91BC942}") = "Zadatak4", "Zadatak4\Zadatak4.vcxproj", "{B8CB6976-93A6-420F-A889-604F24D98D06}"
EndProject
Global
	GlobalSection(SolutionConfigurationPlatforms) = preSolution
		Debug|x64 = Debug|x64
		Debug|x86 = Debug|x86
		Release|x64 = Release|x64
		Release|x86 = Release|x86
	EndGlobalSection
	GlobalSection(ProjectConfigurationPlatforms) = postSolution
		{B8CB6976-93A6-420F-A889-604F24D98D06}.Debug|x64.ActiveCfg = Debug|x64
		{B8CB6976-93A6-420F-A889-604F24D98D06}.Debug|x64.Build.0 = Debug|x64
		{B8CB6976-93A6-420F-A889-604F24D98D06}.Debug|x86.ActiveCfg = Debug|Win32
		{B8CB6976-93A6-420F-A889-604F24D98D06}.Debug|x86.Build.0 = Debug|Win32
		{B8CB6976-93A6-420F-A889-604F24D98D06}.Release|x64.ActiveCfg = Release|x64
		{B8CB6976-93A6-420F-A889-604F24D98D06}.Release|x64.Build.0 = Release|x64
		{B8CB6976-93A6-420F-A889-604F24D98D06}.Release|x86.ActiveCfg = Release|Win32
		{B8CB6976-93A6-420F-A889-604F24D98D06}.Release|x86.Build.0 = Release|Win32
	EndGlobalSection
	GlobalSection(SolutionProperties) = preSolution
		HideSolutionNode = FALSE
	EndGlobalSection
	GlobalSection(ExtensibilityGlobals) = postSolution
		SolutionGuid = {A26BECD2-5177-4DD9-B9ED-FA0D51AF4B62}
	EndGlobalSection
EndGlobal
