
Microsoft Visual Studio Solution File, Format Version 12.00
# Visual Studio Version 17
VisualStudioVersion = 17.11.35327.3
MinimumVisualStudioVersion = 10.0.40219.1
Project("{8BC9CEB8-8B4A-11D0-8D11-00A0C91BC942}") = "Zadatak9", "Zadatak9\Zadatak9.vcxproj", "{BA78C93C-6555-4DCE-91BB-190983957084}"
EndProject
Global
	GlobalSection(SolutionConfigurationPlatforms) = preSolution
		Debug|x64 = Debug|x64
		Debug|x86 = Debug|x86
		Release|x64 = Release|x64
		Release|x86 = Release|x86
	EndGlobalSection
	GlobalSection(ProjectConfigurationPlatforms) = postSolution
		{BA78C93C-6555-4DCE-91BB-190983957084}.Debug|x64.ActiveCfg = Debug|x64
		{BA78C93C-6555-4DCE-91BB-190983957084}.Debug|x64.Build.0 = Debug|x64
		{BA78C93C-6555-4DCE-91BB-190983957084}.Debug|x86.ActiveCfg = Debug|Win32
		{BA78C93C-6555-4DCE-91BB-190983957084}.Debug|x86.Build.0 = Debug|Win32
		{BA78C93C-6555-4DCE-91BB-190983957084}.Release|x64.ActiveCfg = Release|x64
		{BA78C93C-6555-4DCE-91BB-190983957084}.Release|x64.Build.0 = Release|x64
		{BA78C93C-6555-4DCE-91BB-190983957084}.Release|x86.ActiveCfg = Release|Win32
		{BA78C93C-6555-4DCE-91BB-190983957084}.Release|x86.Build.0 = Release|Win32
	EndGlobalSection
	GlobalSection(SolutionProperties) = preSolution
		HideSolutionNode = FALSE
	EndGlobalSection
	GlobalSection(ExtensibilityGlobals) = postSolution
		SolutionGuid = {90283395-7E32-465C-8AA3-45F82EE7F62E}
	EndGlobalSection
EndGlobal
